
Microsoft Visual Studio Solution File, Format Version 12.00
# Visual Studio 15
VisualStudioVersion = 15.0.27703.2026
MinimumVisualStudioVersion = 10.0.40219.1
Project("{FAE04EC0-301F-11D3-BF4B-00C04F79EFBC}") = "tx_sample_toc", "tx_sample_toc.csproj", "{A2A37347-56F0-485F-9F90-CA0B2AFFF884}"
EndProject
Global
	GlobalSection(SolutionConfigurationPlatforms) = preSolution
		Debug|Any CPU = Debug|Any CPU
		Release|Any CPU = Release|Any CPU
	EndGlobalSection
	GlobalSection(ProjectConfigurationPlatforms) = postSolution
		{A2A37347-56F0-485F-9F90-CA0B2AFFF884}.Debug|Any CPU.ActiveCfg = Debug|Any CPU
		{A2A37347-56F0-485F-9F90-CA0B2AFFF884}.Debug|Any CPU.Build.0 = Debug|Any CPU
		{A2A37347-56F0-485F-9F90-CA0B2AFFF884}.Release|Any CPU.ActiveCfg = Release|Any CPU
		{A2A37347-56F0-485F-9F90-CA0B2AFFF884}.Release|Any CPU.Build.0 = Release|Any CPU
	EndGlobalSection
	GlobalSection(SolutionProperties) = preSolution
		HideSolutionNode = FALSE
	EndGlobalSection
	GlobalSection(ExtensibilityGlobals) = postSolution
		SolutionGuid = {6B1F7FEF-A244-4A03-AA5C-6D78AF1E476B}
	EndGlobalSection
EndGlobal
